{
  "version": "5",
  "specifiers": {
    "npm:@resonatehq/sdk@supabase": "0.0.0-supabase.1"
  },
  "npm": {
    "@resonatehq/sdk@0.0.0-supabase.1": {
      "integrity": "sha512-Pi+44jJStHZ4NC0d3JGaSVRkHnwVkCXw2QjaM/vIjh5ZOhieG16XBXg577mbU0GUIHwmH+BMwL2tKeoct4I1mg==",
      "dependencies": [
        "cron-parser",
        "eventsource"
      ]
    },
    "cron-parser@5.5.0": {
      "integrity": "sha512-oML4lKUXxizYswqmxuOCpgFS8BNUJpIu6k/2HVHyaL8Ynnf3wdf9tkns0yRdJLSIjkJ+b0DXHMZEHGpMwjnPww==",
      "dependencies": [
        "luxon"
      ]
    },
    "eventsource-parser@3.0.6": {
      "integrity": "sha512-Vo1ab+QXPzZ4tCa8SwIHJFaSzy4R6SHf7BY79rFBDf0idraZWAkYrDjDj8uWaSm3S2TK+hJ7/t1CEmZ7jXw+pg=="
    },
    "eventsource@4.1.0": {
      "integrity": "sha512-2GuF51iuHX6A9xdTccMTsNb7VO0lHZihApxhvQzJB5A03DvHDd2FQepodbMaztPBmBcE/ox7o2gqaxGhYB9LhQ==",
      "dependencies": [
        "eventsource-parser"
      ]
    },
    "luxon@3.7.2": {
      "integrity": "sha512-vtEhXh/gNjI9Yg1u4jX/0YVPMvxzHuGgCm6tC5kZyb08yjGWGnqAjGJvcXbqQR2P3MyMEFnRbpcdFS6PBcLqew=="
    }
  },
  "workspace": {
    "dependencies": [
      "npm:@resonatehq/sdk@supabase"
    ]
  }
}
